<Solution>
  <Folder Name="/src/">
    <Project Path="src/Scheduler.Application/Scheduler.Application.csproj" />
    <Project Path="src/Scheduler.Domain/Scheduler.Domain.csproj" />
  </Folder>
  <Folder Name="/src/Scheduler.Presentation.ConsoleApp/">
    <Project Path="src/Scheduler.Presentation.ConsoleApp/Scheduler.ConsoleApp.csproj" />
  </Folder>
</Solution>
